
Microsoft Visual Studio Solution File, Format Version 12.00
# Visual Studio 15
VisualStudioVersion = 15.0.28010.2016
MinimumVisualStudioVersion = 10.0.40219.1
Project("{FAE04EC0-301F-11D3-BF4B-00C04F79EFBC}") = "MarkovChainApp", "MarkovChainApp\MarkovChainApp.csproj", "{AC9DC334-F7C9-4488-AD8B-0E38B795247E}"
EndProject
Global
	GlobalSection(SolutionConfigurationPlatforms) = preSolution
		Debug|Any CPU = Debug|Any CPU
		Release|Any CPU = Release|Any CPU
	EndGlobalSection
	GlobalSection(ProjectConfigurationPlatforms) = postSolution
		{AC9DC334-F7C9-4488-AD8B-0E38B795247E}.Debug|Any CPU.ActiveCfg = Debug|Any CPU
		{AC9DC334-F7C9-4488-AD8B-0E38B795247E}.Debug|Any CPU.Build.0 = Debug|Any CPU
		{AC9DC334-F7C9-4488-AD8B-0E38B795247E}.Release|Any CPU.ActiveCfg = Release|Any CPU
		{AC9DC334-F7C9-4488-AD8B-0E38B795247E}.Release|Any CPU.Build.0 = Release|Any CPU
	EndGlobalSection
	GlobalSection(SolutionProperties) = preSolution
		HideSolutionNode = FALSE
	EndGlobalSection
	GlobalSection(ExtensibilityGlobals) = postSolution
		SolutionGuid = {B13BC2C5-C877-49F2-868D-F3E143C9E49E}
	EndGlobalSection
EndGlobal
